{
  "name": "environment",
  "version": "1.0.0",
  "lockfileVersion": 2,
  "requires": true,
  "packages": {
    "": {
      "name": "environment",
      "version": "1.0.0",
      "license": "ISC",
      "dependencies": {
        "@linclark/pkg": "^1.0.3"
      }
    },
    "node_modules/@linclark/pkg": {
      "version": "1.0.3",
      "resolved": "https://registry.npmjs.org/@linclark/pkg/-/pkg-1.0.3.tgz",
      "integrity": "sha1-EFIsv2UpBwfGHLXWatGCIcikDbg="
    }
  },
  "dependencies": {
    "@linclark/pkg": {
      "version": "1.0.3",
      "resolved": "https://registry.npmjs.org/@linclark/pkg/-/pkg-1.0.3.tgz",
      "integrity": "sha1-EFIsv2UpBwfGHLXWatGCIcikDbg="
    }
  }
}
